
Microsoft Visual Studio Solution File, Format Version 12.00
# Visual Studio Version 17
VisualStudioVersion = 17.2.32526.322
MinimumVisualStudioVersion = 10.0.40219.1
Project("{FAE04EC0-301F-11D3-BF4B-00C04F79EFBC}") = "InterfaceTask", "InterfaceTask.csproj", "{7156EE52-E362-4ED8-BD41-F0E525D9F5BE}"
EndProject
Global
	GlobalSection(SolutionConfigurationPlatforms) = preSolution
		Debug|Any CPU = Debug|Any CPU
		Release|Any CPU = Release|Any CPU
	EndGlobalSection
	GlobalSection(ProjectConfigurationPlatforms) = postSolution
		{7156EE52-E362-4ED8-BD41-F0E525D9F5BE}.Debug|Any CPU.ActiveCfg = Debug|Any CPU
		{7156EE52-E362-4ED8-BD41-F0E525D9F5BE}.Debug|Any CPU.Build.0 = Debug|Any CPU
		{7156EE52-E362-4ED8-BD41-F0E525D9F5BE}.Release|Any CPU.ActiveCfg = Release|Any CPU
		{7156EE52-E362-4ED8-BD41-F0E525D9F5BE}.Release|Any CPU.Build.0 = Release|Any CPU
	EndGlobalSection
	GlobalSection(SolutionProperties) = preSolution
		HideSolutionNode = FALSE
	EndGlobalSection
	GlobalSection(ExtensibilityGlobals) = postSolution
		SolutionGuid = {6A01CD84-FC49-4E55-B4DC-0734FC37DF44}
	EndGlobalSection
EndGlobal
